
Microsoft Visual Studio Solution File, Format Version 12.00
# Visual Studio 15
VisualStudioVersion = 15.0.28307.168
MinimumVisualStudioVersion = 10.0.40219.1
Project("{FAE04EC0-301F-11D3-BF4B-00C04F79EFBC}") = "OneClickWeb", "OneClickWeb\OneClickWeb.csproj", "{CEEC0AE5-30E8-4BE3-A029-C78A95BD93A6}"
EndProject
Global
	GlobalSection(SolutionConfigurationPlatforms) = preSolution
		Debug|Any CPU = Debug|Any CPU
		Release|Any CPU = Release|Any CPU
	EndGlobalSection
	GlobalSection(ProjectConfigurationPlatforms) = postSolution
		{CEEC0AE5-30E8-4BE3-A029-C78A95BD93A6}.Debug|Any CPU.ActiveCfg = Debug|Any CPU
		{CEEC0AE5-30E8-4BE3-A029-C78A95BD93A6}.Debug|Any CPU.Build.0 = Debug|Any CPU
		{CEEC0AE5-30E8-4BE3-A029-C78A95BD93A6}.Release|Any CPU.ActiveCfg = Release|Any CPU
		{CEEC0AE5-30E8-4BE3-A029-C78A95BD93A6}.Release|Any CPU.Build.0 = Release|Any CPU
	EndGlobalSection
	GlobalSection(SolutionProperties) = preSolution
		HideSolutionNode = FALSE
	EndGlobalSection
	GlobalSection(ExtensibilityGlobals) = postSolution
		SolutionGuid = {68BE3800-8D84-4D69-A636-28B6DE057B33}
	EndGlobalSection
EndGlobal
